
Microsoft Visual Studio Solution File, Format Version 12.00
# Visual Studio 14
VisualStudioVersion = 14.0.25420.1
MinimumVisualStudioVersion = 10.0.40219.1
Project("{FAE04EC0-301F-11D3-BF4B-00C04F79EFBC}") = "AppointmentSlots", "AppointmentSlots\AppointmentSlots.csproj", "{412CC4E6-F85A-4AEB-9819-B9F82BC3F876}"
EndProject
Project("{FAE04EC0-301F-11D3-BF4B-00C04F79EFBC}") = "AppointmentSlots.Api", "AppointmentSlots.Api\AppointmentSlots.Api.csproj", "{ED5B12B0-D6B4-476C-8F68-4B81674642B9}"
EndProject
Project("{2150E333-8FDC-42A3-9474-1A3956D46DE8}") = "PublishScripts", "PublishScripts", "{BB2A6607-FD62-4693-9319-0C234FC09E4C}"
EndProject
Project("{2150E333-8FDC-42A3-9474-1A3956D46DE8}") = "Scripts", "Scripts", "{32E9A28A-56B2-4482-8B03-DA0BC4F96D9E}"
	ProjectSection(SolutionItems) = preProject
		PublishScripts\Scripts\Deploy-AzureResourceGroup.ps1 = PublishScripts\Scripts\Deploy-AzureResourceGroup.ps1
	EndProjectSection
EndProject
Project("{2150E333-8FDC-42A3-9474-1A3956D46DE8}") = "Templates", "Templates", "{96874916-E737-4086-BCC2-9D7C61191044}"
	ProjectSection(SolutionItems) = preProject
		PublishScripts\Templates\AppointmentSlotsApi.json = PublishScripts\Templates\AppointmentSlotsApi.json
		PublishScripts\Templates\AppointmentSlotsApi.param.dev.json = PublishScripts\Templates\AppointmentSlotsApi.param.dev.json
	EndProjectSection
EndProject
Global
	GlobalSection(SolutionConfigurationPlatforms) = preSolution
		Debug|Any CPU = Debug|Any CPU
		Release|Any CPU = Release|Any CPU
	EndGlobalSection
	GlobalSection(ProjectConfigurationPlatforms) = postSolution
		{412CC4E6-F85A-4AEB-9819-B9F82BC3F876}.Debug|Any CPU.ActiveCfg = Debug|Any CPU
		{412CC4E6-F85A-4AEB-9819-B9F82BC3F876}.Debug|Any CPU.Build.0 = Debug|Any CPU
		{412CC4E6-F85A-4AEB-9819-B9F82BC3F876}.Release|Any CPU.ActiveCfg = Release|Any CPU
		{412CC4E6-F85A-4AEB-9819-B9F82BC3F876}.Release|Any CPU.Build.0 = Release|Any CPU
		{ED5B12B0-D6B4-476C-8F68-4B81674642B9}.Debug|Any CPU.ActiveCfg = Debug|Any CPU
		{ED5B12B0-D6B4-476C-8F68-4B81674642B9}.Debug|Any CPU.Build.0 = Debug|Any CPU
		{ED5B12B0-D6B4-476C-8F68-4B81674642B9}.Release|Any CPU.ActiveCfg = Release|Any CPU
		{ED5B12B0-D6B4-476C-8F68-4B81674642B9}.Release|Any CPU.Build.0 = Release|Any CPU
	EndGlobalSection
	GlobalSection(SolutionProperties) = preSolution
		HideSolutionNode = FALSE
	EndGlobalSection
	GlobalSection(NestedProjects) = preSolution
		{32E9A28A-56B2-4482-8B03-DA0BC4F96D9E} = {BB2A6607-FD62-4693-9319-0C234FC09E4C}
		{96874916-E737-4086-BCC2-9D7C61191044} = {BB2A6607-FD62-4693-9319-0C234FC09E4C}
	EndGlobalSection
EndGlobal
